
Microsoft Visual Studio Solution File, Format Version 12.00
# Visual Studio Version 16
VisualStudioVersion = 16.0.30320.27
MinimumVisualStudioVersion = 10.0.40219.1
Project("{FAE04EC0-301F-11D3-BF4B-00C04F79EFBC}") = "Day2Demo", "Day2Demo\Day2Demo.csproj", "{255D929B-67C4-4717-BB27-F680A963286E}"
EndProject
Global
	GlobalSection(SolutionConfigurationPlatforms) = preSolution
		Debug|Any CPU = Debug|Any CPU
		Release|Any CPU = Release|Any CPU
	EndGlobalSection
	GlobalSection(ProjectConfigurationPlatforms) = postSolution
		{255D929B-67C4-4717-BB27-F680A963286E}.Debug|Any CPU.ActiveCfg = Debug|Any CPU
		{255D929B-67C4-4717-BB27-F680A963286E}.Debug|Any CPU.Build.0 = Debug|Any CPU
		{255D929B-67C4-4717-BB27-F680A963286E}.Release|Any CPU.ActiveCfg = Release|Any CPU
		{255D929B-67C4-4717-BB27-F680A963286E}.Release|Any CPU.Build.0 = Release|Any CPU
	EndGlobalSection
	GlobalSection(SolutionProperties) = preSolution
		HideSolutionNode = FALSE
	EndGlobalSection
	GlobalSection(ExtensibilityGlobals) = postSolution
		SolutionGuid = {7E723B03-1762-4E93-BB87-ABAA33340B35}
	EndGlobalSection
EndGlobal
