
Microsoft Visual Studio Solution File, Format Version 12.00
# Visual Studio 15
VisualStudioVersion = 15.0.28307.1209
MinimumVisualStudioVersion = 10.0.40219.1
Project("{FAE04EC0-301F-11D3-BF4B-00C04F79EFBC}") = "SzunKidd", "SzunKidd\SzunKidd.csproj", "{4CC32218-5D78-433F-B72F-D8782D10DBAB}"
EndProject
Project("{FAE04EC0-301F-11D3-BF4B-00C04F79EFBC}") = "SzunKiddWeb", "SzunKiddWeb\SzunKiddWeb.csproj", "{923DB974-19CB-4008-B62C-13D4E6848EE8}"
EndProject
Project("{2150E333-8FDC-42A3-9474-1A3956D46DE8}") = "Presentation", "Presentation", "{2DEA7D97-D86F-4EDC-B350-73589CBD03AE}"
EndProject
Project("{2150E333-8FDC-42A3-9474-1A3956D46DE8}") = "Services", "Services", "{47988AFF-64F4-4DE3-991C-EAE97C30E816}"
EndProject
Project("{2150E333-8FDC-42A3-9474-1A3956D46DE8}") = "Business", "Business", "{4403F775-F9DA-424D-9B24-71E9209A2729}"
EndProject
Project("{2150E333-8FDC-42A3-9474-1A3956D46DE8}") = "Data", "Data", "{6D5239C1-B68D-49A3-8F95-E1C3A758AE7A}"
EndProject
Project("{2150E333-8FDC-42A3-9474-1A3956D46DE8}") = "SharePoint", "SharePoint", "{6E305841-987E-499D-88F7-6DF28B650F14}"
EndProject
Project("{FAE04EC0-301F-11D3-BF4B-00C04F79EFBC}") = "Process", "Process\Process.csproj", "{663C8A37-EECE-4369-B1E1-CB81931672E3}"
EndProject
Project("{2150E333-8FDC-42A3-9474-1A3956D46DE8}") = "Shared", "Shared", "{EC2C8EB5-9E18-47C2-A683-1F33596D4741}"
EndProject
Project("{FAE04EC0-301F-11D3-BF4B-00C04F79EFBC}") = "Entities", "Entities\Entities.csproj", "{81CA830C-5B1C-4E03-A116-27843FE47E9F}"
EndProject
Project("{FAE04EC0-301F-11D3-BF4B-00C04F79EFBC}") = "Framework", "Framework\Framework.csproj", "{9B9A5BCF-AC7E-4892-AD91-F246DB1840E1}"
EndProject
Project("{FAE04EC0-301F-11D3-BF4B-00C04F79EFBC}") = "BusinessComponent", "BusinessComponent\BusinessComponent.csproj", "{5D36482F-0CDE-499B-91C2-3FB75609CCAE}"
EndProject
Project("{FAE04EC0-301F-11D3-BF4B-00C04F79EFBC}") = "WebAPI", "WebAPI\WebAPI.csproj", "{925D51B7-DD35-4133-8273-B1CEA53C9A30}"
EndProject
Global
	GlobalSection(SolutionConfigurationPlatforms) = preSolution
		Debug|Any CPU = Debug|Any CPU
		Release|Any CPU = Release|Any CPU
	EndGlobalSection
	GlobalSection(ProjectConfigurationPlatforms) = postSolution
		{4CC32218-5D78-433F-B72F-D8782D10DBAB}.Debug|Any CPU.ActiveCfg = Debug|Any CPU
		{4CC32218-5D78-433F-B72F-D8782D10DBAB}.Debug|Any CPU.Build.0 = Debug|Any CPU
		{4CC32218-5D78-433F-B72F-D8782D10DBAB}.Debug|Any CPU.Deploy.0 = Debug|Any CPU
		{4CC32218-5D78-433F-B72F-D8782D10DBAB}.Release|Any CPU.ActiveCfg = Release|Any CPU
		{4CC32218-5D78-433F-B72F-D8782D10DBAB}.Release|Any CPU.Build.0 = Release|Any CPU
		{4CC32218-5D78-433F-B72F-D8782D10DBAB}.Release|Any CPU.Deploy.0 = Release|Any CPU
		{923DB974-19CB-4008-B62C-13D4E6848EE8}.Debug|Any CPU.ActiveCfg = Debug|Any CPU
		{923DB974-19CB-4008-B62C-13D4E6848EE8}.Debug|Any CPU.Build.0 = Debug|Any CPU
		{923DB974-19CB-4008-B62C-13D4E6848EE8}.Release|Any CPU.ActiveCfg = Release|Any CPU
		{923DB974-19CB-4008-B62C-13D4E6848EE8}.Release|Any CPU.Build.0 = Release|Any CPU
		{663C8A37-EECE-4369-B1E1-CB81931672E3}.Debug|Any CPU.ActiveCfg = Debug|Any CPU
		{663C8A37-EECE-4369-B1E1-CB81931672E3}.Debug|Any CPU.Build.0 = Debug|Any CPU
		{663C8A37-EECE-4369-B1E1-CB81931672E3}.Release|Any CPU.ActiveCfg = Release|Any CPU
		{663C8A37-EECE-4369-B1E1-CB81931672E3}.Release|Any CPU.Build.0 = Release|Any CPU
		{81CA830C-5B1C-4E03-A116-27843FE47E9F}.Debug|Any CPU.ActiveCfg = Debug|Any CPU
		{81CA830C-5B1C-4E03-A116-27843FE47E9F}.Debug|Any CPU.Build.0 = Debug|Any CPU
		{81CA830C-5B1C-4E03-A116-27843FE47E9F}.Release|Any CPU.ActiveCfg = Release|Any CPU
		{81CA830C-5B1C-4E03-A116-27843FE47E9F}.Release|Any CPU.Build.0 = Release|Any CPU
		{9B9A5BCF-AC7E-4892-AD91-F246DB1840E1}.Debug|Any CPU.ActiveCfg = Debug|Any CPU
		{9B9A5BCF-AC7E-4892-AD91-F246DB1840E1}.Debug|Any CPU.Build.0 = Debug|Any CPU
		{9B9A5BCF-AC7E-4892-AD91-F246DB1840E1}.Release|Any CPU.ActiveCfg = Release|Any CPU
		{9B9A5BCF-AC7E-4892-AD91-F246DB1840E1}.Release|Any CPU.Build.0 = Release|Any CPU
		{5D36482F-0CDE-499B-91C2-3FB75609CCAE}.Debug|Any CPU.ActiveCfg = Debug|Any CPU
		{5D36482F-0CDE-499B-91C2-3FB75609CCAE}.Debug|Any CPU.Build.0 = Debug|Any CPU
		{5D36482F-0CDE-499B-91C2-3FB75609CCAE}.Release|Any CPU.ActiveCfg = Release|Any CPU
		{5D36482F-0CDE-499B-91C2-3FB75609CCAE}.Release|Any CPU.Build.0 = Release|Any CPU
		{925D51B7-DD35-4133-8273-B1CEA53C9A30}.Debug|Any CPU.ActiveCfg = Debug|Any CPU
		{925D51B7-DD35-4133-8273-B1CEA53C9A30}.Debug|Any CPU.Build.0 = Debug|Any CPU
		{925D51B7-DD35-4133-8273-B1CEA53C9A30}.Release|Any CPU.ActiveCfg = Release|Any CPU
		{925D51B7-DD35-4133-8273-B1CEA53C9A30}.Release|Any CPU.Build.0 = Release|Any CPU
	EndGlobalSection
	GlobalSection(SolutionProperties) = preSolution
		HideSolutionNode = FALSE
	EndGlobalSection
	GlobalSection(NestedProjects) = preSolution
		{4CC32218-5D78-433F-B72F-D8782D10DBAB} = {6E305841-987E-499D-88F7-6DF28B650F14}
		{923DB974-19CB-4008-B62C-13D4E6848EE8} = {2DEA7D97-D86F-4EDC-B350-73589CBD03AE}
		{663C8A37-EECE-4369-B1E1-CB81931672E3} = {2DEA7D97-D86F-4EDC-B350-73589CBD03AE}
		{81CA830C-5B1C-4E03-A116-27843FE47E9F} = {EC2C8EB5-9E18-47C2-A683-1F33596D4741}
		{9B9A5BCF-AC7E-4892-AD91-F246DB1840E1} = {EC2C8EB5-9E18-47C2-A683-1F33596D4741}
		{5D36482F-0CDE-499B-91C2-3FB75609CCAE} = {4403F775-F9DA-424D-9B24-71E9209A2729}
		{925D51B7-DD35-4133-8273-B1CEA53C9A30} = {47988AFF-64F4-4DE3-991C-EAE97C30E816}
	EndGlobalSection
	GlobalSection(ExtensibilityGlobals) = postSolution
		SolutionGuid = {F330D756-7554-426B-9300-E83B24A72378}
	EndGlobalSection
EndGlobal
