
Microsoft Visual Studio Solution File, Format Version 12.00
# Visual Studio Version 16
VisualStudioVersion = 16.0.30330.147
MinimumVisualStudioVersion = 10.0.40219.1
Project("{FAE04EC0-301F-11D3-BF4B-00C04F79EFBC}") = "IndexedLinkedList", "IndexedLinkedList\IndexedLinkedList.csproj", "{3476D2F3-1AE4-46DB-B753-CF26CA4C8CD5}"
EndProject
Global
	GlobalSection(SolutionConfigurationPlatforms) = preSolution
		Debug|Any CPU = Debug|Any CPU
		Release|Any CPU = Release|Any CPU
	EndGlobalSection
	GlobalSection(ProjectConfigurationPlatforms) = postSolution
		{3476D2F3-1AE4-46DB-B753-CF26CA4C8CD5}.Debug|Any CPU.ActiveCfg = Debug|Any CPU
		{3476D2F3-1AE4-46DB-B753-CF26CA4C8CD5}.Debug|Any CPU.Build.0 = Debug|Any CPU
		{3476D2F3-1AE4-46DB-B753-CF26CA4C8CD5}.Release|Any CPU.ActiveCfg = Release|Any CPU
		{3476D2F3-1AE4-46DB-B753-CF26CA4C8CD5}.Release|Any CPU.Build.0 = Release|Any CPU
	EndGlobalSection
	GlobalSection(SolutionProperties) = preSolution
		HideSolutionNode = FALSE
	EndGlobalSection
	GlobalSection(ExtensibilityGlobals) = postSolution
		SolutionGuid = {0CF591CB-2E62-47A6-81BF-E3FDDFBE51BD}
	EndGlobalSection
EndGlobal
